
Microsoft Visual Studio Solution File, Format Version 12.00
Project("{2150E333-8FDC-42A3-9474-1A3956D46DE8}") = "src", "src", "{8EA27C22-A801-450E-A425-6BBCB3EB1293}"
EndProject
Project("{2150E333-8FDC-42A3-9474-1A3956D46DE8}") = "tests", "tests", "{FF6AFA8F-480D-4EAE-BF27-321E9B0D6B33}"
EndProject
Project("{FAE04EC0-301F-11D3-BF4B-00C04F79EFBC}") = "Axon.Sandbox", "tests\Axon.Sandbox\Axon.Sandbox.csproj", "{00E33F3A-9802-4FFB-B718-A4F933E6F0EB}"
EndProject
Project("{FAE04EC0-301F-11D3-BF4B-00C04F79EFBC}") = "Axon", "src\Axon\Axon.csproj", "{8D2F4754-DB09-494D-AC1E-20CB8ED16587}"
EndProject
Project("{FAE04EC0-301F-11D3-BF4B-00C04F79EFBC}") = "Axon.Cuda", "src\Axon.Cuda\Axon.Cuda.csproj", "{042CC5C2-107B-4015-AC3F-7B26C0480E6A}"
EndProject
Project("{FAE04EC0-301F-11D3-BF4B-00C04F79EFBC}") = "Axon.Tests.NeuralNetwork", "tests\Axon.Tests.NeuralNetwork\Axon.Tests.NeuralNetwork.csproj", "{05F0E322-7D09-4F31-AD6B-FD836291DACF}"
EndProject
Global
	GlobalSection(SolutionConfigurationPlatforms) = preSolution
		Debug|Any CPU = Debug|Any CPU
		Release|Any CPU = Release|Any CPU
	EndGlobalSection
	GlobalSection(ProjectConfigurationPlatforms) = postSolution
		{00E33F3A-9802-4FFB-B718-A4F933E6F0EB}.Debug|Any CPU.ActiveCfg = Debug|Any CPU
		{00E33F3A-9802-4FFB-B718-A4F933E6F0EB}.Debug|Any CPU.Build.0 = Debug|Any CPU
		{00E33F3A-9802-4FFB-B718-A4F933E6F0EB}.Release|Any CPU.ActiveCfg = Release|Any CPU
		{00E33F3A-9802-4FFB-B718-A4F933E6F0EB}.Release|Any CPU.Build.0 = Release|Any CPU
		{8D2F4754-DB09-494D-AC1E-20CB8ED16587}.Debug|Any CPU.ActiveCfg = Debug|Any CPU
		{8D2F4754-DB09-494D-AC1E-20CB8ED16587}.Debug|Any CPU.Build.0 = Debug|Any CPU
		{8D2F4754-DB09-494D-AC1E-20CB8ED16587}.Release|Any CPU.ActiveCfg = Release|Any CPU
		{8D2F4754-DB09-494D-AC1E-20CB8ED16587}.Release|Any CPU.Build.0 = Release|Any CPU
		{042CC5C2-107B-4015-AC3F-7B26C0480E6A}.Debug|Any CPU.ActiveCfg = Debug|Any CPU
		{042CC5C2-107B-4015-AC3F-7B26C0480E6A}.Debug|Any CPU.Build.0 = Debug|Any CPU
		{042CC5C2-107B-4015-AC3F-7B26C0480E6A}.Release|Any CPU.ActiveCfg = Release|Any CPU
		{042CC5C2-107B-4015-AC3F-7B26C0480E6A}.Release|Any CPU.Build.0 = Release|Any CPU
		{05F0E322-7D09-4F31-AD6B-FD836291DACF}.Debug|Any CPU.ActiveCfg = Debug|Any CPU
		{05F0E322-7D09-4F31-AD6B-FD836291DACF}.Debug|Any CPU.Build.0 = Debug|Any CPU
		{05F0E322-7D09-4F31-AD6B-FD836291DACF}.Release|Any CPU.ActiveCfg = Release|Any CPU
		{05F0E322-7D09-4F31-AD6B-FD836291DACF}.Release|Any CPU.Build.0 = Release|Any CPU
	EndGlobalSection
	GlobalSection(NestedProjects) = preSolution
		{00E33F3A-9802-4FFB-B718-A4F933E6F0EB} = {FF6AFA8F-480D-4EAE-BF27-321E9B0D6B33}
		{8D2F4754-DB09-494D-AC1E-20CB8ED16587} = {8EA27C22-A801-450E-A425-6BBCB3EB1293}
		{042CC5C2-107B-4015-AC3F-7B26C0480E6A} = {8EA27C22-A801-450E-A425-6BBCB3EB1293}
		{05F0E322-7D09-4F31-AD6B-FD836291DACF} = {FF6AFA8F-480D-4EAE-BF27-321E9B0D6B33}
	EndGlobalSection
EndGlobal
